
Microsoft Visual Studio Solution File, Format Version 12.00
# Visual Studio Version 17
VisualStudioVersion = 17.7.34221.43
MinimumVisualStudioVersion = 10.0.40219.1
Project("{FAE04EC0-301F-11D3-BF4B-00C04F79EFBC}") = "eTickets", "eTickets\eTickets.csproj", "{245B59DB-88BD-4F6E-902E-3B79B5188496}"
EndProject
Global
	GlobalSection(SolutionConfigurationPlatforms) = preSolution
		Debug|Any CPU = Debug|Any CPU
		Release|Any CPU = Release|Any CPU
	EndGlobalSection
	GlobalSection(ProjectConfigurationPlatforms) = postSolution
		{245B59DB-88BD-4F6E-902E-3B79B5188496}.Debug|Any CPU.ActiveCfg = Debug|Any CPU
		{245B59DB-88BD-4F6E-902E-3B79B5188496}.Debug|Any CPU.Build.0 = Debug|Any CPU
		{245B59DB-88BD-4F6E-902E-3B79B5188496}.Release|Any CPU.ActiveCfg = Release|Any CPU
		{245B59DB-88BD-4F6E-902E-3B79B5188496}.Release|Any CPU.Build.0 = Release|Any CPU
	EndGlobalSection
	GlobalSection(SolutionProperties) = preSolution
		HideSolutionNode = FALSE
	EndGlobalSection
	GlobalSection(ExtensibilityGlobals) = postSolution
		SolutionGuid = {FF817080-A3F1-4F82-B105-4A6A2117ED8C}
	EndGlobalSection
EndGlobal
